
Microsoft Visual Studio Solution File, Format Version 12.00
# Visual Studio Version 17
VisualStudioVersion = 17.8.34330.188
MinimumVisualStudioVersion = 10.0.40219.1
Project("{FAE04EC0-301F-11D3-BF4B-00C04F79EFBC}") = "PAM-Notes", "PAM-Notes\PAM-Notes.csproj", "{7D3E72CE-98B2-410F-B4D4-9E551B15D7E7}"
EndProject
Global
	GlobalSection(SolutionConfigurationPlatforms) = preSolution
		Debug|Any CPU = Debug|Any CPU
		Release|Any CPU = Release|Any CPU
	EndGlobalSection
	GlobalSection(ProjectConfigurationPlatforms) = postSolution
		{7D3E72CE-98B2-410F-B4D4-9E551B15D7E7}.Debug|Any CPU.ActiveCfg = Debug|Any CPU
		{7D3E72CE-98B2-410F-B4D4-9E551B15D7E7}.Debug|Any CPU.Build.0 = Debug|Any CPU
		{7D3E72CE-98B2-410F-B4D4-9E551B15D7E7}.Debug|Any CPU.Deploy.0 = Debug|Any CPU
		{7D3E72CE-98B2-410F-B4D4-9E551B15D7E7}.Release|Any CPU.ActiveCfg = Release|Any CPU
		{7D3E72CE-98B2-410F-B4D4-9E551B15D7E7}.Release|Any CPU.Build.0 = Release|Any CPU
		{7D3E72CE-98B2-410F-B4D4-9E551B15D7E7}.Release|Any CPU.Deploy.0 = Release|Any CPU
	EndGlobalSection
	GlobalSection(SolutionProperties) = preSolution
		HideSolutionNode = FALSE
	EndGlobalSection
	GlobalSection(ExtensibilityGlobals) = postSolution
		SolutionGuid = {8F1858F1-8330-4B04-A370-C88DC9576DA4}
	EndGlobalSection
EndGlobal
